
Microsoft Visual Studio Solution File, Format Version 12.00
# Visual Studio Version 16
VisualStudioVersion = 16.0.32901.82
MinimumVisualStudioVersion = 10.0.40219.1
Project("{FAE04EC0-301F-11D3-BF4B-00C04F79EFBC}") = "MonPortfolio", "MonPortfolio\MonPortfolio.csproj", "{1C19AC83-A3AE-4170-A0A6-091648049CF9}"
EndProject
Global
	GlobalSection(SolutionConfigurationPlatforms) = preSolution
		Debug|Any CPU = Debug|Any CPU
		Release|Any CPU = Release|Any CPU
	EndGlobalSection
	GlobalSection(ProjectConfigurationPlatforms) = postSolution
		{1C19AC83-A3AE-4170-A0A6-091648049CF9}.Debug|Any CPU.ActiveCfg = Debug|Any CPU
		{1C19AC83-A3AE-4170-A0A6-091648049CF9}.Debug|Any CPU.Build.0 = Debug|Any CPU
		{1C19AC83-A3AE-4170-A0A6-091648049CF9}.Release|Any CPU.ActiveCfg = Release|Any CPU
		{1C19AC83-A3AE-4170-A0A6-091648049CF9}.Release|Any CPU.Build.0 = Release|Any CPU
	EndGlobalSection
	GlobalSection(SolutionProperties) = preSolution
		HideSolutionNode = FALSE
	EndGlobalSection
	GlobalSection(ExtensibilityGlobals) = postSolution
		SolutionGuid = {4960194C-7528-4F65-AEE0-C0AB387CD985}
	EndGlobalSection
EndGlobal
